{
  "sources": {
    "sudo": {
      "locked_version": "2.2.2"
    },
    "build-essential": {
      "locked_version": "1.4.2"
    },
    "iptables": {
      "locked_version": "0.12.0"
    },
    "nginx": {
      "locked_version": "2.0.8"
    },
    "rbenv": {
      "locked_version": "1.7.0"
    },
    "mysql": {
      "locked_version": "4.0.10"
    },
    "database": {
      "locked_version": "1.5.2"
    },
    "ntp": {
      "locked_version": "1.5.0"
    },
    "apt": {
      "locked_version": "2.3.0"
    },
    "bluepill": {
      "locked_version": "2.3.0"
    },
    "rsyslog": {
      "locked_version": "1.9.0"
    },
    "ohai": {
      "locked_version": "1.1.12"
    },
    "runit": {
      "locked_version": "1.4.6"
    },
    "yum": {
      "locked_version": "2.4.4"
    },
    "git": {
      "locked_version": "2.8.4"
    },
    "dmg": {
      "locked_version": "2.0.8"
    },
    "windows": {
      "locked_version": "1.11.0"
    },
    "chef_handler": {
      "locked_version": "1.1.4"
    },
    "openssl": {
      "locked_version": "1.1.0"
    },
    "postgresql": {
      "locked_version": "3.3.4"
    },
    "aws": {
      "locked_version": "1.0.0"
    },
    "xfs": {
      "locked_version": "1.1.0"
    }
  }
}
