{
  "dependencies": {
    "iptables": {
      "locked_version": "0.12.0"
    },
    "nginx": {
      "locked_version": "2.0.8"
    },
    "apt": {
      "locked_version": "2.3.0"
    },
    "bluepill": {
      "locked_version": "2.3.0"
    },
    "build-essential": {
      "locked_version": "1.4.2"
    },
    "ohai": {
      "locked_version": "1.1.12"
    },
    "runit": {
      "locked_version": "1.4.6"
    },
    "yum": {
      "locked_version": "2.4.4"
    },
    "rsyslog": {
      "locked_version": "1.9.0"
    }
  }
}
